# This file is automatically @generated by Cargo.
# It is not intended for manual editing.
[[package]]
name = "buddy_system_allocator"
version = "0.6.0"
source = "registry+https://github.com/rust-lang/crates.io-index"
checksum = "b4e85e760e105b46ae0bd1236578793c6c147ae7463fe95c8350296b8bfcb830"
dependencies = [
 "spin 0.7.0",
]

[[package]]
name = "cortex-a"
version = "5.0.1"
source = "registry+https://github.com/rust-lang/crates.io-index"
checksum = "779aa52f2ba34ef526c7857f75bda98a131b68bcb6e9ded8b835f755f39940c3"
dependencies = [
 "register 1.0.1",
]

[[package]]
name = "lazy_static"
version = "1.4.0"
source = "registry+https://github.com/rust-lang/crates.io-index"
checksum = "e2abad23fbc42b3700f2f279844dc832adb2b2eb069b2df918f455c4e18cc646"
dependencies = [
 "spin 0.5.2",
]

[[package]]
name = "register"
version = "0.5.1"
source = "registry+https://github.com/rust-lang/crates.io-index"
checksum = "deaba5b0e477d21f61a57504bb5cef4a1e86de30300b457d38971c1cfc98b815"
dependencies = [
 "tock-registers 0.5.0",
]

[[package]]
name = "register"
version = "1.0.1"
source = "registry+https://github.com/rust-lang/crates.io-index"
checksum = "faf386c0c48fea132b7fbbf71c32d1b1d62e7c59043bbabdd15c9ed9f254517e"
dependencies = [
 "tock-registers 0.6.0",
]

[[package]]
name = "riscv"
version = "0.1.0"
source = "git+https://github.com/tonnylyz/riscv#fb56a2ef4d518e575d9edb13c7b1b1b54bbd4233"
dependencies = [
 "register 0.5.1",
]

[[package]]
name = "rlibc"
version = "0.1.5"
source = "registry+https://github.com/rust-lang/crates.io-index"
checksum = "4f725fa0be00ed4a869c61f1adb156b629bb6c8d97f2ee4d0644bba1ce33b04b"

[[package]]
name = "rustpi"
version = "0.1.0"
dependencies = [
 "buddy_system_allocator",
 "cortex-a",
 "lazy_static",
 "register 0.5.1",
 "riscv",
 "rlibc",
 "spin 0.5.2",
 "xmas-elf",
]

[[package]]
name = "spin"
version = "0.5.2"
source = "registry+https://github.com/rust-lang/crates.io-index"
checksum = "6e63cff320ae2c57904679ba7cb63280a3dc4613885beafb148ee7bf9aa9042d"

[[package]]
name = "spin"
version = "0.7.0"
source = "registry+https://github.com/rust-lang/crates.io-index"
checksum = "652ac3743312871a5fb703f0337e68ffa3cdc28c863efad0b8dc858fa10c991b"

[[package]]
name = "tock-registers"
version = "0.5.0"
source = "registry+https://github.com/rust-lang/crates.io-index"
checksum = "70323afdb8082186c0986da0e10f6e4ed103d681c921c00597e98d9806dac20f"

[[package]]
name = "tock-registers"
version = "0.6.0"
source = "registry+https://github.com/rust-lang/crates.io-index"
checksum = "f521a79accce68c417c9c77ce22108056b626126da1932f7e2e9b5bbffee0cea"

[[package]]
name = "xmas-elf"
version = "0.7.0"
source = "registry+https://github.com/rust-lang/crates.io-index"
checksum = "e74de9a366f6ab8c405fa6b371d9ac24943921fa14b3d64afcb202065c405f11"
dependencies = [
 "zero",
]

[[package]]
name = "zero"
version = "0.1.2"
source = "registry+https://github.com/rust-lang/crates.io-index"
checksum = "5f1bc8a6b2005884962297587045002d8cfb8dcec9db332f4ca216ddc5de82c5"
