# This file is automatically @generated by Cargo.
# It is not intended for manual editing.
version = 3

[[package]]
name = "arrayvec"
version = "0.4.12"
source = "registry+https://github.com/rust-lang/crates.io-index"
checksum = "cd9fd44efafa8690358b7408d253adf110036b88f55672a933f01d616ad9b1b9"
dependencies = [
 "nodrop",
]

[[package]]
name = "bare-metal"
version = "0.2.5"
source = "registry+https://github.com/rust-lang/crates.io-index"
checksum = "5deb64efa5bd81e31fcd1938615a6d98c82eafcbcd787162b6f63b91d6bac5b3"
dependencies = [
 "rustc_version",
]

[[package]]
name = "bitflags"
version = "1.3.2"
source = "registry+https://github.com/rust-lang/crates.io-index"
checksum = "bef38d45163c2f1dde094a7dfd33ccf595c92905c8f8f4fdc18d06fb1037718a"

[[package]]
name = "buddy_system_allocator"
version = "0.9.0"
source = "registry+https://github.com/rust-lang/crates.io-index"
checksum = "43f9365b6b0c9e1663ca4ca9440c00eda46bc85a3407070be8b5e0d8d1f29629"
dependencies = [
 "spin",
]

[[package]]
name = "byteorder"
version = "1.4.3"
source = "registry+https://github.com/rust-lang/crates.io-index"
checksum = "14c189c53d098945499cdfa7ecc63567cf3886b3332b312a5b4585d8d3a6a610"

[[package]]
name = "cfg-if"
version = "1.0.0"
source = "registry+https://github.com/rust-lang/crates.io-index"
checksum = "baf1de4339761588bc0619e3cbc0120ee582ebb74b53b4efbf79117bd2da40fd"

[[package]]
name = "embedded-hal"
version = "1.0.0-alpha.5"
source = "registry+https://github.com/rust-lang/crates.io-index"
checksum = "a554c04648665230499563ccdfd1fcd719ef2d5a0af54bdc81c5d877fb556db4"
dependencies = [
 "nb",
]

[[package]]
name = "fallible-iterator"
version = "0.2.0"
source = "registry+https://github.com/rust-lang/crates.io-index"
checksum = "4443176a9f2c162692bd3d352d745ef9413eec5782a80d8fd6f8a1ac692a07f7"

[[package]]
name = "gimli"
version = "0.19.0"
source = "registry+https://github.com/rust-lang/crates.io-index"
checksum = "162d18ae5f2e3b90a993d202f1ba17a5633c2484426f8bcae201f86194bacd00"
dependencies = [
 "arrayvec",
 "byteorder",
 "fallible-iterator",
 "stable_deref_trait",
]

[[package]]
name = "k210-hal"
version = "0.2.0"
source = "git+https://github.com/tonnylyz/k210-hal#47f96a4c41ce0d1f5c337d06228d6be47254ba6e"
dependencies = [
 "bitflags",
 "embedded-hal",
 "k210-pac",
 "nb",
]

[[package]]
name = "k210-pac"
version = "0.2.0"
source = "git+https://github.com/tonnylyz/k210-pac#6c51865daaf2c15b4c12d9683bd95e6b53cd196d"
dependencies = [
 "bare-metal",
 "vcell",
]

[[package]]
name = "libc"
version = "0.2.147"
source = "registry+https://github.com/rust-lang/crates.io-index"
checksum = "b4668fb0ea861c1df094127ac5f1da3409a82116a4ba74fca2e58ef927159bb3"

[[package]]
name = "lock_api"
version = "0.4.5"
source = "registry+https://github.com/rust-lang/crates.io-index"
checksum = "712a4d093c9976e24e7dbca41db895dabcbac38eb5f4045393d17a95bdfb1109"
dependencies = [
 "scopeguard",
]

[[package]]
name = "log"
version = "0.4.14"
source = "registry+https://github.com/rust-lang/crates.io-index"
checksum = "51b9bbe6c47d51fc3e1a9b945965946b4c44142ab8792c50835a980d362c2710"
dependencies = [
 "cfg-if",
]

[[package]]
name = "nb"
version = "1.0.0"
source = "registry+https://github.com/rust-lang/crates.io-index"
checksum = "546c37ac5d9e56f55e73b677106873d9d9f5190605e41a856503623648488cae"

[[package]]
name = "nodrop"
version = "0.1.14"
source = "registry+https://github.com/rust-lang/crates.io-index"
checksum = "72ef4a56884ca558e5ddb05a1d1e7e1bfd9a68d9ed024c21704cc98872dae1bb"

[[package]]
name = "redox_syscall"
version = "0.2.9"
source = "git+https://github.com/tonnylyz/redox_syscall?branch=rustpi#de15dc4c21779ed5daa75e76800823c70c606d92"
dependencies = [
 "bitflags",
]

[[package]]
name = "redoxfs"
version = "0.4.4"
source = "git+https://github.com/tonnylyz/redoxfs?branch=rustpi#ad7a70a514e2c9a0ea4786a8c0499db298e6a1cf"
dependencies = [
 "libc",
 "redox_syscall",
 "uuid",
]

[[package]]
name = "rpabi"
version = "0.1.0"
dependencies = [
 "cfg-if",
 "tock-registers",
]

[[package]]
name = "rpservapi"
version = "0.1.0"

[[package]]
name = "rpsyscall"
version = "0.1.0"
dependencies = [
 "rpabi",
]

[[package]]
name = "rustc_version"
version = "0.2.3"
source = "registry+https://github.com/rust-lang/crates.io-index"
checksum = "138e3e0acb6c9fb258b19b67cb8abd63c00679d2851805ea151465464fe9030a"
dependencies = [
 "semver",
]

[[package]]
name = "scopeguard"
version = "1.1.0"
source = "registry+https://github.com/rust-lang/crates.io-index"
checksum = "d29ab0c6d3fc0ee92fe66e2d99f700eab17a8d57d1c1d3b748380fb20baa78cd"

[[package]]
name = "semver"
version = "0.9.0"
source = "registry+https://github.com/rust-lang/crates.io-index"
checksum = "1d7eb9ef2c18661902cc47e535f9bc51b78acd254da71d375c2f6720d9a40403"
dependencies = [
 "semver-parser",
]

[[package]]
name = "semver-parser"
version = "0.7.0"
source = "registry+https://github.com/rust-lang/crates.io-index"
checksum = "388a1df253eca08550bef6c72392cfe7c30914bf41df5269b68cbd6ff8f570a3"

[[package]]
name = "spin"
version = "0.9.8"
source = "registry+https://github.com/rust-lang/crates.io-index"
checksum = "6980e8d7511241f8acf4aebddbb1ff938df5eebe98691418c4468d0b72a96a67"
dependencies = [
 "lock_api",
]

[[package]]
name = "stable_deref_trait"
version = "1.2.0"
source = "registry+https://github.com/rust-lang/crates.io-index"
checksum = "a8f112729512f8e442d81f95a8a7ddf2b7c6b8a1a6f509a95864142b30cab2d3"

[[package]]
name = "tock-registers"
version = "0.8.1"
source = "registry+https://github.com/rust-lang/crates.io-index"
checksum = "696941a0aee7e276a165a978b37918fd5d22c55c3d6bda197813070ca9c0f21c"

[[package]]
name = "trusted"
version = "0.1.0"
dependencies = [
 "buddy_system_allocator",
 "k210-hal",
 "log",
 "redox_syscall",
 "redoxfs",
 "rpabi",
 "rpservapi",
 "rpsyscall",
 "spin",
 "tock-registers",
 "unwind",
 "xmas-elf 0.9.0",
]

[[package]]
name = "unwind"
version = "0.1.0"
dependencies = [
 "fallible-iterator",
 "gimli",
 "log",
 "spin",
 "xmas-elf 0.8.0",
]

[[package]]
name = "uuid"
version = "0.5.1"
source = "registry+https://github.com/rust-lang/crates.io-index"
checksum = "bcc7e3b898aa6f6c08e5295b6c89258d1331e9ac578cc992fb818759951bdc22"

[[package]]
name = "vcell"
version = "0.1.3"
source = "registry+https://github.com/rust-lang/crates.io-index"
checksum = "77439c1b53d2303b20d9459b1ade71a83c716e3f9c34f3228c00e6f185d6c002"

[[package]]
name = "xmas-elf"
version = "0.8.0"
source = "registry+https://github.com/rust-lang/crates.io-index"
checksum = "8d29b4d8e7beaceb4e77447ba941a7600d23d0319ab52da0461abea214832d5a"
dependencies = [
 "zero",
]

[[package]]
name = "xmas-elf"
version = "0.9.0"
source = "registry+https://github.com/rust-lang/crates.io-index"
checksum = "f820cc767d65b32eef9d7ce7201448f28501c59edc55d47b71375fea579fc2df"
dependencies = [
 "zero",
]

[[package]]
name = "zero"
version = "0.1.2"
source = "registry+https://github.com/rust-lang/crates.io-index"
checksum = "5f1bc8a6b2005884962297587045002d8cfb8dcec9db332f4ca216ddc5de82c5"
