# This file is automatically @generated by Cargo.
# It is not intended for manual editing.
version = 3

[[package]]
name = "bitflags"
version = "1.2.1"
source = "registry+https://github.com/rust-lang/crates.io-index"
checksum = "cf1de2fe8c75bc145a2f577add951f8134889b4795d47466a54a5c846d691693"

[[package]]
name = "buddy_system_allocator"
version = "0.9.0"
source = "registry+https://github.com/rust-lang/crates.io-index"
checksum = "43f9365b6b0c9e1663ca4ca9440c00eda46bc85a3407070be8b5e0d8d1f29629"
dependencies = [
 "spin",
]

[[package]]
name = "cfg-if"
version = "1.0.0"
source = "registry+https://github.com/rust-lang/crates.io-index"
checksum = "baf1de4339761588bc0619e3cbc0120ee582ebb74b53b4efbf79117bd2da40fd"

[[package]]
name = "getopts"
version = "0.2.21"
source = "git+https://github.com/tonnylyz/getopts#7bcdac3387777b938a86f5d624a8a02ed4cb8598"
dependencies = [
 "unicode-width",
]

[[package]]
name = "lock_api"
version = "0.4.4"
source = "registry+https://github.com/rust-lang/crates.io-index"
checksum = "0382880606dff6d15c9476c416d18690b72742aa7b605bb6dd6ec9030fbf07eb"
dependencies = [
 "scopeguard",
]

[[package]]
name = "redox_syscall"
version = "0.2.9"
source = "git+https://github.com/tonnylyz/redox_syscall?branch=rustpi#de15dc4c21779ed5daa75e76800823c70c606d92"
dependencies = [
 "bitflags",
]

[[package]]
name = "rpabi"
version = "0.1.0"
dependencies = [
 "cfg-if",
]

[[package]]
name = "rpservapi"
version = "0.1.0"

[[package]]
name = "rpstdlib"
version = "0.1.0"
dependencies = [
 "buddy_system_allocator",
 "redox_syscall",
 "rpabi",
 "rpservapi",
 "rpsyscall",
 "spin",
]

[[package]]
name = "rpsyscall"
version = "0.1.0"
dependencies = [
 "rpabi",
]

[[package]]
name = "scopeguard"
version = "1.1.0"
source = "registry+https://github.com/rust-lang/crates.io-index"
checksum = "d29ab0c6d3fc0ee92fe66e2d99f700eab17a8d57d1c1d3b748380fb20baa78cd"

[[package]]
name = "spin"
version = "0.9.8"
source = "registry+https://github.com/rust-lang/crates.io-index"
checksum = "6980e8d7511241f8acf4aebddbb1ff938df5eebe98691418c4468d0b72a96a67"
dependencies = [
 "lock_api",
]

[[package]]
name = "unicode-width"
version = "0.1.9"
source = "registry+https://github.com/rust-lang/crates.io-index"
checksum = "3ed742d4ea2bd1176e236172c8429aaf54486e7ac098db29ffe6529e0ce50973"

[[package]]
name = "user"
version = "0.1.0"
dependencies = [
 "getopts",
 "rpstdlib",
]
